// !$*UTF8*$!
{
	archiveVersion = 1;
	classes = {
	};
	objectVersion = 50;
	objects = {

/* Begin PBXBuildFile section */
		1FF800AC2291FB5F00672598 /* AppDelegate.swift in Sources */ = {isa = PBXBuildFile; fileRef = 1FF800AB2291FB5F00672598 /* AppDelegate.swift */; };
		1FF800AE2291FB5F00672598 /* ViewController.swift in Sources */ = {isa = PBXBuildFile; fileRef = 1FF800AD2291FB5F00672598 /* ViewController.swift */; };
		1FF800B12291FB5F00672598 /* Main.storyboard in Resources */ = {isa = PBXBuildFile; fileRef = 1FF800AF2291FB5F00672598 /* Main.storyboard */; };
		1FF800B32291FB6200672598 /* Assets.xcassets in Resources */ = {isa = PBXBuildFile; fileRef = 1FF800B22291FB6200672598 /* Assets.xcassets */; };
		1FF800B62291FB6200672598 /* LaunchScreen.storyboard in Resources */ = {isa = PBXBuildFile; fileRef = 1FF800B42291FB6200672598 /* LaunchScreen.storyboard */; };
		1FF800BE2291FDE800672598 /* Playlist.swift in Sources */ = {isa = PBXBuildFile; fileRef = 1FF800BD2291FDE800672598 /* Playlist.swift */; };
		1FF800C02292143A00672598 /* ContentWebViewController.swift in Sources */ = {isa = PBXBuildFile; fileRef = 1FF800BF2292143A00672598 /* ContentWebViewController.swift */; };
/* End PBXBuildFile section */

/* Begin PBXFileReference section */
		1FF800A82291FB5F00672598 /* ItunesMedia.app */ = {isa = PBXFileReference; explicitFileType = wrapper.application; includeInIndex = 0; path = ItunesMedia.app; sourceTree = BUILT_PRODUCTS_DIR; };
		1FF800AB2291FB5F00672598 /* AppDelegate.swift */ = {isa = PBXFileReference; lastKnownFileType = sourcecode.swift; path = AppDelegate.swift; sourceTree = "<group>"; };
		1FF800AD2291FB5F00672598 /* ViewController.swift */ = {isa = PBXFileReference; lastKnownFileType = sourcecode.swift; path = ViewController.swift; sourceTree = "<group>"; };
		1FF800B02291FB5F00672598 /* Base */ = {isa = PBXFileReference; lastKnownFileType = file.storyboard; name = Base; path = Base.lproj/Main.storyboard; sourceTree = "<group>"; };
		1FF800B22291FB6200672598 /* Assets.xcassets */ = {isa = PBXFileReference; lastKnownFileType = folder.assetcatalog; path = Assets.xcassets; sourceTree = "<group>"; };
		1FF800B52291FB6200672598 /* Base */ = {isa = PBXFileReference; lastKnownFileType = file.storyboard; name = Base; path = Base.lproj/LaunchScreen.storyboard; sourceTree = "<group>"; };
		1FF800B72291FB6200672598 /* Info.plist */ = {isa = PBXFileReference; lastKnownFileType = text.plist.xml; path = Info.plist; sourceTree = "<group>"; };
		1FF800BD2291FDE800672598 /* Playlist.swift */ = {isa = PBXFileReference; lastKnownFileType = sourcecode.swift; path = Playlist.swift; sourceTree = "<group>"; };
		1FF800BF2292143A00672598 /* ContentWebViewController.swift */ = {isa = PBXFileReference; lastKnownFileType = sourcecode.swift; path = ContentWebViewController.swift; sourceTree = "<group>"; };
/* End PBXFileReference section */

/* Begin PBXFrameworksBuildPhase section */
		1FF800A52291FB5F00672598 /* Frameworks */ = {
			isa = PBXFrameworksBuildPhase;
			buildActionMask = 2147483647;
			files = (
			);
			runOnlyForDeploymentPostprocessing = 0;
		};
/* End PBXFrameworksBuildPhase section */

/* Begin PBXGroup section */
		1FF8009F2291FB5F00672598 = {
			isa = PBXGroup;
			children = (
				1FF800AA2291FB5F00672598 /* ItunesMedia */,
				1FF800A92291FB5F00672598 /* Products */,
			);
			sourceTree = "<group>";
		};
		1FF800A92291FB5F00672598 /* Products */ = {
			isa = PBXGroup;
			children = (
				1FF800A82291FB5F00672598 /* ItunesMedia.app */,
			);
			name = Products;
			sourceTree = "<group>";
		};
		1FF800AA2291FB5F00672598 /* ItunesMedia */ = {
			isa = PBXGroup;
			children = (
				1FF800AB2291FB5F00672598 /* AppDelegate.swift */,
				1FF800AD2291FB5F00672598 /* ViewController.swift */,
				1FF800BF2292143A00672598 /* ContentWebViewController.swift */,
				1FF800AF2291FB5F00672598 /* Main.storyboard */,
				1FF800B22291FB6200672598 /* Assets.xcassets */,
				1FF800B42291FB6200672598 /* LaunchScreen.storyboard */,
				1FF800B72291FB6200672598 /* Info.plist */,
				1FF800BD2291FDE800672598 /* Playlist.swift */,
			);
			path = ItunesMedia;
			sourceTree = "<group>";
		};
/* End PBXGroup section */

/* Begin PBXNativeTarget section */
		1FF800A72291FB5F00672598 /* ItunesMedia */ = {
			isa = PBXNativeTarget;
			buildConfigurationList = 1FF800BA2291FB6200672598 /* Build configuration list for PBXNativeTarget "ItunesMedia" */;
			buildPhases = (
				1FF800A42291FB5F00672598 /* Sources */,
				1FF800A52291FB5F00672598 /* Frameworks */,
				1FF800A62291FB5F00672598 /* Resources */,
			);
			buildRules = (
			);
			dependencies = (
			);
			name = ItunesMedia;
			productName = ItunesMedia;
			productReference = 1FF800A82291FB5F00672598 /* ItunesMedia.app */;
			productType = "com.apple.product-type.application";
		};
/* End PBXNativeTarget section */

/* Begin PBXProject section */
		1FF800A02291FB5F00672598 /* Project object */ = {
			isa = PBXProject;
			attributes = {
				LastSwiftUpdateCheck = 1020;
				LastUpgradeCheck = 1020;
				ORGANIZATIONNAME = "Leonardo Reis";
				TargetAttributes = {
					1FF800A72291FB5F00672598 = {
						CreatedOnToolsVersion = 10.2.1;
					};
				};
			};
			buildConfigurationList = 1FF800A32291FB5F00672598 /* Build configuration list for PBXProject "ItunesMedia" */;
			compatibilityVersion = "Xcode 9.3";
			developmentRegion = en;
			hasScannedForEncodings = 0;
			knownRegions = (
				en,
				Base,
			);
			mainGroup = 1FF8009F2291FB5F00672598;
			productRefGroup = 1FF800A92291FB5F00672598 /* Products */;
			projectDirPath = "";
			projectRoot = "";
			targets = (
				1FF800A72291FB5F00672598 /* ItunesMedia */,
			);
		};
/* End PBXProject section */

/* Begin PBXResourcesBuildPhase section */
		1FF800A62291FB5F00672598 /* Resources */ = {
			isa = PBXResourcesBuildPhase;
			buildActionMask = 2147483647;
			files = (
				1FF800B62291FB6200672598 /* LaunchScreen.storyboard in Resources */,
				1FF800B32291FB6200672598 /* Assets.xcassets in Resources */,
				1FF800B12291FB5F00672598 /* Main.storyboard in Resources */,
			);
			runOnlyForDeploymentPostprocessing = 0;
		};
/* End PBXResourcesBuildPhase section */

/* Begin PBXSourcesBuildPhase section */
		1FF800A42291FB5F00672598 /* Sources */ = {
			isa = PBXSourcesBuildPhase;
			buildActionMask = 2147483647;
			files = (
				1FF800AE2291FB5F00672598 /* ViewController.swift in Sources */,
				1FF800C02292143A00672598 /* ContentWebViewController.swift in Sources */,
				1FF800AC2291FB5F00672598 /* AppDelegate.swift in Sources */,
				1FF800BE2291FDE800672598 /* Playlist.swift in Sources */,
			);
			runOnlyForDeploymentPostprocessing = 0;
		};
/* End PBXSourcesBuildPhase section */

/* Begin PBXVariantGroup section */
		1FF800AF2291FB5F00672598 /* Main.storyboard */ = {
			isa = PBXVariantGroup;
			children = (
				1FF800B02291FB5F00672598 /* Base */,
			);
			name = Main.storyboard;
			sourceTree = "<group>";
		};
		1FF800B42291FB6200672598 /* LaunchScreen.storyboard */ = {
			isa = PBXVariantGroup;
			children = (
				1FF800B52291FB6200672598 /* Base */,
			);
			name = LaunchScreen.storyboard;
			sourceTree = "<group>";
		};
/* End PBXVariantGroup section */

/* Begin XCBuildConfiguration section */
		1FF800B82291FB6200672598 /* Debug */ = {
			isa = XCBuildConfiguration;
			buildSettings = {
				ALWAYS_SEARCH_USER_PATHS = NO;
				CLANG_ANALYZER_NONNULL = YES;
				CLANG_ANALYZER_NUMBER_OBJECT_CONVERSION = YES_AGGRESSIVE;
				CLANG_CXX_LANGUAGE_STANDARD = "gnu++14";
				CLANG_CXX_LIBRARY = "libc++";
				CLANG_ENABLE_MODULES = YES;
				CLANG_ENABLE_OBJC_ARC = YES;
				CLANG_ENABLE_OBJC_WEAK = YES;
				CLANG_WARN_BLOCK_CAPTURE_AUTORELEASING = YES;
				CLANG_WARN_BOOL_CONVERSION = YES;
				CLANG_WARN_COMMA = YES;
				CLANG_WARN_CONSTANT_CONVERSION = YES;
				CLANG_WARN_DEPRECATED_OBJC_IMPLEMENTATIONS = YES;
				CLANG_WARN_DIRECT_OBJC_ISA_USAGE = YES_ERROR;
				CLANG_WARN_DOCUMENTATION_COMMENTS = YES;
				CLANG_WARN_EMPTY_BODY = YES;
				CLANG_WARN_ENUM_CONVERSION = YES;
				CLANG_WARN_INFINITE_RECURSION = YES;
				CLANG_WARN_INT_CONVERSION = YES;
				CLANG_WARN_NON_LITERAL_NULL_CONVERSION = YES;
				CLANG_WARN_OBJC_IMPLICIT_RETAIN_SELF = YES;
				CLANG_WARN_OBJC_LITERAL_CONVERSION = YES;
				CLANG_WARN_OBJC_ROOT_CLASS = YES_ERROR;
				CLANG_WARN_RANGE_LOOP_ANALYSIS = YES;
				CLANG_WARN_STRICT_PROTOTYPES = YES;
				CLANG_WARN_SUSPICIOUS_MOVE = YES;
				CLANG_WARN_UNGUARDED_AVAILABILITY = YES_AGGRESSIVE;
				CLANG_WARN_UNREACHABLE_CODE = YES;
				CLANG_WARN__DUPLICATE_METHOD_MATCH = YES;
				CODE_SIGN_IDENTITY = "iPhone Developer";
				COPY_PHASE_STRIP = NO;
				DEBUG_INFORMATION_FORMAT = dwarf;
				ENABLE_STRICT_OBJC_MSGSEND = YES;
				ENABLE_TESTABILITY = YES;
				GCC_C_LANGUAGE_STANDARD = gnu11;
				GCC_DYNAMIC_NO_PIC = NO;
				GCC_NO_COMMON_BLOCKS = YES;
				GCC_OPTIMIZATION_LEVEL = 0;
				GCC_PREPROCESSOR_DEFINITIONS = (
					"DEBUG=1",
					"$(inherited)",
				);
				GCC_WARN_64_TO_32_BIT_CONVERSION = YES;
				GCC_WARN_ABOUT_RETURN_TYPE = YES_ERROR;
				GCC_WARN_UNDECLARED_SELECTOR = YES;
				GCC_WARN_UNINITIALIZED_AUTOS = YES_AGGRESSIVE;
				GCC_WARN_UNUSED_FUNCTION = YES;
				GCC_WARN_UNUSED_VARIABLE = YES;
				IPHONEOS_DEPLOYMENT_TARGET = 12.2;
				MTL_ENABLE_DEBUG_INFO = INCLUDE_SOURCE;
				MTL_FAST_MATH = YES;
				ONLY_ACTIVE_ARCH = YES;
				SDKROOT = iphoneos;
				SWIFT_ACTIVE_COMPILATION_CONDITIONS = DEBUG;
				SWIFT_OPTIMIZATION_LEVEL = "-Onone";
			};
			name = Debug;
		};
		1FF800B92291FB6200672598 /* Release */ = {
			isa = XCBuildConfiguration;
			buildSettings = {
				ALWAYS_SEARCH_USER_PATHS = NO;
				CLANG_ANALYZER_NONNULL = YES;
				CLANG_ANALYZER_NUMBER_OBJECT_CONVERSION = YES_AGGRESSIVE;
				CLANG_CXX_LANGUAGE_STANDARD = "gnu++14";
				CLANG_CXX_LIBRARY = "libc++";
				CLANG_ENABLE_MODULES = YES;
				CLANG_ENABLE_OBJC_ARC = YES;
				CLANG_ENABLE_OBJC_WEAK = YES;
				CLANG_WARN_BLOCK_CAPTURE_AUTORELEASING = YES;
				CLANG_WARN_BOOL_CONVERSION = YES;
				CLANG_WARN_COMMA = YES;
				CLANG_WARN_CONSTANT_CONVERSION = YES;
				CLANG_WARN_DEPRECATED_OBJC_IMPLEMENTATIONS = YES;
				CLANG_WARN_DIRECT_OBJC_ISA_USAGE = YES_ERROR;
				CLANG_WARN_DOCUMENTATION_COMMENTS = YES;
				CLANG_WARN_EMPTY_BODY = YES;
				CLANG_WARN_ENUM_CONVERSION = YES;
				CLANG_WARN_INFINITE_RECURSION = YES;
				CLANG_WARN_INT_CONVERSION = YES;
				CLANG_WARN_NON_LITERAL_NULL_CONVERSION = YES;
				CLANG_WARN_OBJC_IMPLICIT_RETAIN_SELF = YES;
				CLANG_WARN_OBJC_LITERAL_CONVERSION = YES;
				CLANG_WARN_OBJC_ROOT_CLASS = YES_ERROR;
				CLANG_WARN_RANGE_LOOP_ANALYSIS = YES;
				CLANG_WARN_STRICT_PROTOTYPES = YES;
				CLANG_WARN_SUSPICIOUS_MOVE = YES;
				CLANG_WARN_UNGUARDED_AVAILABILITY = YES_AGGRESSIVE;
				CLANG_WARN_UNREACHABLE_CODE = YES;
				CLANG_WARN__DUPLICATE_METHOD_MATCH = YES;
				CODE_SIGN_IDENTITY = "iPhone Developer";
				COPY_PHASE_STRIP = NO;
				DEBUG_INFORMATION_FORMAT = "dwarf-with-dsym";
				ENABLE_NS_ASSERTIONS = NO;
				ENABLE_STRICT_OBJC_MSGSEND = YES;
				GCC_C_LANGUAGE_STANDARD = gnu11;
				GCC_NO_COMMON_BLOCKS = YES;
				GCC_WARN_64_TO_32_BIT_CONVERSION = YES;
				GCC_WARN_ABOUT_RETURN_TYPE = YES_ERROR;
				GCC_WARN_UNDECLARED_SELECTOR = YES;
				GCC_WARN_UNINITIALIZED_AUTOS = YES_AGGRESSIVE;
				GCC_WARN_UNUSED_FUNCTION = YES;
				GCC_WARN_UNUSED_VARIABLE = YES;
				IPHONEOS_DEPLOYMENT_TARGET = 12.2;
				MTL_ENABLE_DEBUG_INFO = NO;
				MTL_FAST_MATH = YES;
				SDKROOT = iphoneos;
				SWIFT_COMPILATION_MODE = wholemodule;
				SWIFT_OPTIMIZATION_LEVEL = "-O";
				VALIDATE_PRODUCT = YES;
			};
			name = Release;
		};
		1FF800BB2291FB6200672598 /* Debug */ = {
			isa = XCBuildConfiguration;
			buildSettings = {
				ASSETCATALOG_COMPILER_APPICON_NAME = AppIcon;
				CODE_SIGN_STYLE = Automatic;
				DEVELOPMENT_TEAM = W7VX5L2LTG;
				INFOPLIST_FILE = ItunesMedia/Info.plist;
				LD_RUNPATH_SEARCH_PATHS = (
					"$(inherited)",
					"@executable_path/Frameworks",
				);
				PRODUCT_BUNDLE_IDENTIFIER = com.leonardoreis.ItunesMedia;
				PRODUCT_NAME = "$(TARGET_NAME)";
				SWIFT_VERSION = 5.0;
				TARGETED_DEVICE_FAMILY = "1,2";
			};
			name = Debug;
		};
		1FF800BC2291FB6200672598 /* Release */ = {
			isa = XCBuildConfiguration;
			buildSettings = {
				ASSETCATALOG_COMPILER_APPICON_NAME = AppIcon;
				CODE_SIGN_STYLE = Automatic;
				DEVELOPMENT_TEAM = W7VX5L2LTG;
				INFOPLIST_FILE = ItunesMedia/Info.plist;
				LD_RUNPATH_SEARCH_PATHS = (
					"$(inherited)",
					"@executable_path/Frameworks",
				);
				PRODUCT_BUNDLE_IDENTIFIER = com.leonardoreis.ItunesMedia;
				PRODUCT_NAME = "$(TARGET_NAME)";
				SWIFT_VERSION = 5.0;
				TARGETED_DEVICE_FAMILY = "1,2";
			};
			name = Release;
		};
/* End XCBuildConfiguration section */

/* Begin XCConfigurationList section */
		1FF800A32291FB5F00672598 /* Build configuration list for PBXProject "ItunesMedia" */ = {
			isa = XCConfigurationList;
			buildConfigurations = (
				1FF800B82291FB6200672598 /* Debug */,
				1FF800B92291FB6200672598 /* Release */,
			);
			defaultConfigurationIsVisible = 0;
			defaultConfigurationName = Release;
		};
		1FF800BA2291FB6200672598 /* Build configuration list for PBXNativeTarget "ItunesMedia" */ = {
			isa = XCConfigurationList;
			buildConfigurations = (
				1FF800BB2291FB6200672598 /* Debug */,
				1FF800BC2291FB6200672598 /* Release */,
			);
			defaultConfigurationIsVisible = 0;
			defaultConfigurationName = Release;
		};
/* End XCConfigurationList section */
	};
	rootObject = 1FF800A02291FB5F00672598 /* Project object */;
}
